<?xml version="1.0" encoding="utf-8"?>
<Project ToolsVersion="4.0" xmlns="http://schemas.microsoft.com/developer/msbuild/2003">
  <ItemGroup>
    <Filter Include="Source Files">
      <UniqueIdentifier>{4FC737F1-C7A5-4376-A066-2A32D752A2FF}</UniqueIdentifier>
      <Extensions>cpp;c;cc;cxx;def;odl;idl;hpj;bat;asm;asmx</Extensions>
    </Filter>
    <Filter Include="Header Files">
      <UniqueIdentifier>{93995380-89BD-4b04-88EB-625FBE52EBFB}</UniqueIdentifier>
      <Extensions>h;hh;hpp;hxx;hm;inl;inc;xsd</Extensions>
    </Filter>
    <Filter Include="Resource Files">
      <UniqueIdentifier>{67DA6AB6-F800-4c08-8B7A-83BB121AAD01}</UniqueIdentifier>
      <Extensions>rc;ico;cur;bmp;dlg;rc2;rct;bin;rgs;gif;jpg;jpeg;jpe;resx;tiff;tif;png;wav;mfcribbon-ms</Extensions>
    </Filter>
    <Filter Include="Source Files\Storage">
      <UniqueIdentifier>{17fb30c0-c706-4c51-bcc0-699cc8b89a0a}</UniqueIdentifier>
    </Filter>
    <Filter Include="Header Files\Storage">
      <UniqueIdentifier>{b2dcf7e3-b25b-4c31-acba-380a1e5768ce}</UniqueIdentifier>
    </Filter>
    <Filter Include="Header Files\Stream">
      <UniqueIdentifier>{a73e5c3c-cdba-498d-b539-fb08639fc3a7}</UniqueIdentifier>
    </Filter>
    <Filter Include="Source Files\Stream">
      <UniqueIdentifier>{50b9969a-c905-42e9-a4ae-a17e98603bf5}</UniqueIdentifier>
    </Filter>
    <Filter Include="Header Files\Common">
      <UniqueIdentifier>{a4dc212f-5e7c-49ea-9f90-baca700c1626}</UniqueIdentifier>
    </Filter>
    <Filter Include="Source Files\Common">
      <UniqueIdentifier>{d06b5a57-2f29-4c36-ba22-f630d34af64e}</UniqueIdentifier>
    </Filter>
  </ItemGroup>
  <ItemGroup>
    <ClInclude Include="TextSegment.h">
      <Filter>Header Files\Storage</Filter>
    </ClInclude>
    <ClInclude Include="ModificationTracer.h">
      <Filter>Header Files\Storage</Filter>
    </ClInclude>
    <ClInclude Include="Buffer.h">
      <Filter>Header Files\Storage</Filter>
    </ClInclude>
    <ClInclude Include="TextSegmentList.h">
      <Filter>Header Files\Storage</Filter>
    </ClInclude>
    <ClInclude Include="IFile.h">
      <Filter>Header Files\Stream</Filter>
    </ClInclude>
    <ClInclude Include="String.h">
      <Filter>Header Files\Common</Filter>
    </ClInclude>
    <ClInclude Include="EventHandler.h">
      <Filter>Header Files\Common</Filter>
    </ClInclude>
    <ClInclude Include="FileTypeDetector.h">
      <Filter>Header Files\Stream</Filter>
    </ClInclude>
    <ClInclude Include="BinaryReader.h">
      <Filter>Header Files\Stream</Filter>
    </ClInclude>
    <ClInclude Include="TextDocument.h">
      <Filter>Header Files\Storage</Filter>
    </ClInclude>
    <ClInclude Include="Snapshot.h">
      <Filter>Header Files\Storage</Filter>
    </ClInclude>
    <ClInclude Include="SnapshotPositionConverter.h">
      <Filter>Header Files\Storage</Filter>
    </ClInclude>
    <ClInclude Include="TextDocumentPosition.h">
      <Filter>Header Files\Storage</Filter>
    </ClInclude>
    <ClInclude Include="ShortVector.h">
      <Filter>Header Files\Common</Filter>
    </ClInclude>
    <ClInclude Include="CodePage.h">
      <Filter>Header Files\Common</Filter>
    </ClInclude>
    <ClInclude Include="TextDocumentLabelIterator.h">
      <Filter>Header Files\Storage</Filter>
    </ClInclude>
    <ClInclude Include="TextDocumentLabelTracer.h">
      <Filter>Header Files\Storage</Filter>
    </ClInclude>
    <ClInclude Include="TextDocumentLabelAccess.h">
      <Filter>Header Files\Storage</Filter>
    </ClInclude>
  </ItemGroup>
  <ItemGroup>
    <ClCompile Include="ModificationTracer.cpp">
      <Filter>Source Files\Storage</Filter>
    </ClCompile>
    <ClCompile Include="TextSegment.cpp">
      <Filter>Source Files\Storage</Filter>
    </ClCompile>
    <ClCompile Include="TextSegmentList.cpp">
      <Filter>Source Files\Storage</Filter>
    </ClCompile>
    <ClCompile Include="LocalFileWindows.cpp">
      <Filter>Source Files\Stream</Filter>
    </ClCompile>
    <ClCompile Include="CodePageWindows.cpp">
      <Filter>Source Files\Storage</Filter>
    </ClCompile>
    <ClCompile Include="FileTypeDetector.cpp">
      <Filter>Source Files\Stream</Filter>
    </ClCompile>
    <ClCompile Include="Snapshot.cpp">
      <Filter>Source Files\Storage</Filter>
    </ClCompile>
    <ClCompile Include="SnapshotPositionConverter.cpp">
      <Filter>Source Files\Storage</Filter>
    </ClCompile>
    <ClCompile Include="CodePage.cpp">
      <Filter>Source Files\Common</Filter>
    </ClCompile>
    <ClCompile Include="TextDocument.cpp">
      <Filter>Source Files</Filter>
    </ClCompile>
  </ItemGroup>
</Project>